{
  "object": {
    "pins": [
      {
        "package": "SwiftProtobuf",
        "repositoryURL": "https://github.com/apple/swift-protobuf.git",
        "state": {
          "branch": null,
          "revision": "e1499bc69b9040b29184f7f2996f7bab467c1639",
          "version": "1.19.0"
        }
      },
      {
        "package": "ViewInspector",
        "repositoryURL": "https://github.com/nalexn/ViewInspector",
        "state": {
          "branch": null,
          "revision": "6b88c4ec1fa20cf38f2138052e63c8e79df5d76e",
          "version": "0.9.1"
        }
      },
      {
        "package": "WMATA",
        "repositoryURL": "https://github.com/emma-k-alexandra/WMATA.swift",
        "state": {
          "branch": null,
          "revision": "189ba0a82a3743a6d88608d5fc7c6ec26c9ccce8",
          "version": "14.0.0"
        }
      }
    ]
  },
  "version": 1
}
