{
  "object": {
    "pins": [
      {
        "package": "GTFS",
        "repositoryURL": "https://github.com/emma-k-alexandra/GTFS.git",
        "state": {
          "branch": null,
          "revision": "92197f4c41aba53889a2db1e2e9d6dbe4022a223",
          "version": "1.0.1"
        }
      },
      {
        "package": "SwiftProtobuf",
        "repositoryURL": "https://github.com/apple/swift-protobuf.git",
        "state": {
          "branch": null,
          "revision": "7e2c5f3cbbeea68e004915e3a8961e20bd11d824",
          "version": "1.18.0"
        }
      },
      {
        "package": "ViewInspector",
        "repositoryURL": "https://github.com/nalexn/ViewInspector",
        "state": {
          "branch": null,
          "revision": "0d546878902bdde8c4682141f848a9dc44e04ba6",
          "version": "0.9.0"
        }
      },
      {
        "package": "WMATA",
        "repositoryURL": "https://github.com/emma-k-alexandra/WMATA.swift",
        "state": {
          "branch": null,
          "revision": "8ac028e0eb099ace8f70dcaabc7319b38ea26415",
          "version": "11.2.0"
        }
      }
    ]
  },
  "version": 1
}
